
Microsoft Visual Studio Solution File, Format Version 12.00
# Visual Studio Version 16
VisualStudioVersion = 16.0.32106.194
MinimumVisualStudioVersion = 10.0.40219.1
Project("{FAE04EC0-301F-11D3-BF4B-00C04F79EFBC}") = "ClassWork2", "ClassWork2\ClassWork2.csproj", "{F1FA9E2D-65A7-4630-BB5D-B8974EBF40FB}"
EndProject
Global
	GlobalSection(SolutionConfigurationPlatforms) = preSolution
		Debug|Any CPU = Debug|Any CPU
		Release|Any CPU = Release|Any CPU
	EndGlobalSection
	GlobalSection(ProjectConfigurationPlatforms) = postSolution
		{F1FA9E2D-65A7-4630-BB5D-B8974EBF40FB}.Debug|Any CPU.ActiveCfg = Debug|Any CPU
		{F1FA9E2D-65A7-4630-BB5D-B8974EBF40FB}.Debug|Any CPU.Build.0 = Debug|Any CPU
		{F1FA9E2D-65A7-4630-BB5D-B8974EBF40FB}.Release|Any CPU.ActiveCfg = Release|Any CPU
		{F1FA9E2D-65A7-4630-BB5D-B8974EBF40FB}.Release|Any CPU.Build.0 = Release|Any CPU
	EndGlobalSection
	GlobalSection(SolutionProperties) = preSolution
		HideSolutionNode = FALSE
	EndGlobalSection
	GlobalSection(ExtensibilityGlobals) = postSolution
		SolutionGuid = {2CFD9912-692B-4BDB-9488-C4DC98ACF248}
	EndGlobalSection
EndGlobal
